
Microsoft Visual Studio Solution File, Format Version 12.00
# Visual Studio Version 16
VisualStudioVersion = 16.0.29905.134
MinimumVisualStudioVersion = 10.0.40219.1
Project("{9A19103F-16F7-4668-BE54-9A1E7A4F7556}") = "BordingCore", "WebApplication1\BordingCore.csproj", "{92D44751-AC32-423C-96F2-342F80C3D742}"
EndProject
Global
	GlobalSection(SolutionConfigurationPlatforms) = preSolution
		Debug|Any CPU = Debug|Any CPU
		Release|Any CPU = Release|Any CPU
	EndGlobalSection
	GlobalSection(ProjectConfigurationPlatforms) = postSolution
		{92D44751-AC32-423C-96F2-342F80C3D742}.Debug|Any CPU.ActiveCfg = Debug|Any CPU
		{92D44751-AC32-423C-96F2-342F80C3D742}.Debug|Any CPU.Build.0 = Debug|Any CPU
		{92D44751-AC32-423C-96F2-342F80C3D742}.Release|Any CPU.ActiveCfg = Release|Any CPU
		{92D44751-AC32-423C-96F2-342F80C3D742}.Release|Any CPU.Build.0 = Release|Any CPU
	EndGlobalSection
	GlobalSection(SolutionProperties) = preSolution
		HideSolutionNode = FALSE
	EndGlobalSection
	GlobalSection(ExtensibilityGlobals) = postSolution
		SolutionGuid = {C96AA1D6-47EA-4450-BCC4-2B0A0B242102}
	EndGlobalSection
EndGlobal
